
Microsoft Visual Studio Solution File, Format Version 12.00
Project("{FAE04EC0-301F-11D3-BF4B-00C04F79EFBC}") = "gol-backend-api", "gol-backend-api\gol-backend-api.csproj", "{C6B18496-43FA-482E-B404-D5F9DF1F4B17}"
EndProject
Global
	GlobalSection(SolutionConfigurationPlatforms) = preSolution
		Debug|Any CPU = Debug|Any CPU
		Release|Any CPU = Release|Any CPU
	EndGlobalSection
	GlobalSection(ProjectConfigurationPlatforms) = postSolution
		{C6B18496-43FA-482E-B404-D5F9DF1F4B17}.Debug|Any CPU.ActiveCfg = Debug|Any CPU
		{C6B18496-43FA-482E-B404-D5F9DF1F4B17}.Debug|Any CPU.Build.0 = Debug|Any CPU
		{C6B18496-43FA-482E-B404-D5F9DF1F4B17}.Release|Any CPU.ActiveCfg = Release|Any CPU
		{C6B18496-43FA-482E-B404-D5F9DF1F4B17}.Release|Any CPU.Build.0 = Release|Any CPU
	EndGlobalSection
EndGlobal
